
Microsoft Visual Studio Solution File, Format Version 12.00
# Visual Studio Version 18
VisualStudioVersion = 18.5.11801.241 oobstable
MinimumVisualStudioVersion = 10.0.40219.1
Project("{FAE04EC0-301F-11D3-BF4B-00C04F79EFBC}") = "Demo02", "Demo02.csproj", "{3F900ABA-F0C2-1BA8-8C08-5B2B9F1160EE}"
EndProject
Global
	GlobalSection(SolutionConfigurationPlatforms) = preSolution
		Debug|Any CPU = Debug|Any CPU
		Release|Any CPU = Release|Any CPU
	EndGlobalSection
	GlobalSection(ProjectConfigurationPlatforms) = postSolution
		{3F900ABA-F0C2-1BA8-8C08-5B2B9F1160EE}.Debug|Any CPU.ActiveCfg = Debug|Any CPU
		{3F900ABA-F0C2-1BA8-8C08-5B2B9F1160EE}.Debug|Any CPU.Build.0 = Debug|Any CPU
		{3F900ABA-F0C2-1BA8-8C08-5B2B9F1160EE}.Release|Any CPU.ActiveCfg = Release|Any CPU
		{3F900ABA-F0C2-1BA8-8C08-5B2B9F1160EE}.Release|Any CPU.Build.0 = Release|Any CPU
	EndGlobalSection
	GlobalSection(SolutionProperties) = preSolution
		HideSolutionNode = FALSE
	EndGlobalSection
	GlobalSection(ExtensibilityGlobals) = postSolution
		SolutionGuid = {27E3D490-08A9-4BE4-A671-82A5C70FADD0}
	EndGlobalSection
EndGlobal
